
Microsoft Visual Studio Solution File, Format Version 12.00
# Visual Studio Version 17
VisualStudioVersion = 17.7.34031.279
MinimumVisualStudioVersion = 10.0.40219.1
Project("{FAE04EC0-301F-11D3-BF4B-00C04F79EFBC}") = "Deneme", "Deneme\Deneme.csproj", "{401885C6-6CA8-416F-B8BB-3095B05828C3}"
EndProject
Global
	GlobalSection(SolutionConfigurationPlatforms) = preSolution
		Debug|Any CPU = Debug|Any CPU
		Release|Any CPU = Release|Any CPU
	EndGlobalSection
	GlobalSection(ProjectConfigurationPlatforms) = postSolution
		{401885C6-6CA8-416F-B8BB-3095B05828C3}.Debug|Any CPU.ActiveCfg = Debug|Any CPU
		{401885C6-6CA8-416F-B8BB-3095B05828C3}.Debug|Any CPU.Build.0 = Debug|Any CPU
		{401885C6-6CA8-416F-B8BB-3095B05828C3}.Release|Any CPU.ActiveCfg = Release|Any CPU
		{401885C6-6CA8-416F-B8BB-3095B05828C3}.Release|Any CPU.Build.0 = Release|Any CPU
	EndGlobalSection
	GlobalSection(SolutionProperties) = preSolution
		HideSolutionNode = FALSE
	EndGlobalSection
	GlobalSection(ExtensibilityGlobals) = postSolution
		SolutionGuid = {EE7CA410-98F6-4CDA-8236-A7A242D8EBC4}
	EndGlobalSection
EndGlobal
